
Microsoft Visual Studio Solution File, Format Version 12.00
# Visual Studio Version 16
VisualStudioVersion = 16.0.30225.117
MinimumVisualStudioVersion = 10.0.40219.1
Project("{9A19103F-16F7-4668-BE54-9A1E7A4F7556}") = "EmployeesBusinessLib", "EmployeesBusinessLib\EmployeesBusinessLib.csproj", "{FAF9A105-BD4B-4428-905F-FB46B9403F20}"
EndProject
Project("{9A19103F-16F7-4668-BE54-9A1E7A4F7556}") = "EmployeesEntity", "EmployeesEntity\EmployeesEntity.csproj", "{1865DBD6-A2AE-44CC-903D-79FC962D2A53}"
EndProject
Project("{9A19103F-16F7-4668-BE54-9A1E7A4F7556}") = "EmployeeProject", "EmployeeProject\EmployeeProject.csproj", "{9BB8CC1D-E6F0-405D-8B4D-41764EBA3D12}"
EndProject
Project("{FAE04EC0-301F-11D3-BF4B-00C04F79EFBC}") = "Menue", "Menue\Menue.csproj", "{5BB57B57-F739-4FBD-9718-F8D38B1C7694}"
EndProject
Global
	GlobalSection(SolutionConfigurationPlatforms) = preSolution
		Debug|Any CPU = Debug|Any CPU
		Release|Any CPU = Release|Any CPU
	EndGlobalSection
	GlobalSection(ProjectConfigurationPlatforms) = postSolution
		{FAF9A105-BD4B-4428-905F-FB46B9403F20}.Debug|Any CPU.ActiveCfg = Debug|Any CPU
		{FAF9A105-BD4B-4428-905F-FB46B9403F20}.Debug|Any CPU.Build.0 = Debug|Any CPU
		{FAF9A105-BD4B-4428-905F-FB46B9403F20}.Release|Any CPU.ActiveCfg = Release|Any CPU
		{FAF9A105-BD4B-4428-905F-FB46B9403F20}.Release|Any CPU.Build.0 = Release|Any CPU
		{1865DBD6-A2AE-44CC-903D-79FC962D2A53}.Debug|Any CPU.ActiveCfg = Debug|Any CPU
		{1865DBD6-A2AE-44CC-903D-79FC962D2A53}.Debug|Any CPU.Build.0 = Debug|Any CPU
		{1865DBD6-A2AE-44CC-903D-79FC962D2A53}.Release|Any CPU.ActiveCfg = Release|Any CPU
		{1865DBD6-A2AE-44CC-903D-79FC962D2A53}.Release|Any CPU.Build.0 = Release|Any CPU
		{9BB8CC1D-E6F0-405D-8B4D-41764EBA3D12}.Debug|Any CPU.ActiveCfg = Debug|Any CPU
		{9BB8CC1D-E6F0-405D-8B4D-41764EBA3D12}.Debug|Any CPU.Build.0 = Debug|Any CPU
		{9BB8CC1D-E6F0-405D-8B4D-41764EBA3D12}.Release|Any CPU.ActiveCfg = Release|Any CPU
		{9BB8CC1D-E6F0-405D-8B4D-41764EBA3D12}.Release|Any CPU.Build.0 = Release|Any CPU
		{5BB57B57-F739-4FBD-9718-F8D38B1C7694}.Debug|Any CPU.ActiveCfg = Debug|Any CPU
		{5BB57B57-F739-4FBD-9718-F8D38B1C7694}.Debug|Any CPU.Build.0 = Debug|Any CPU
		{5BB57B57-F739-4FBD-9718-F8D38B1C7694}.Release|Any CPU.ActiveCfg = Release|Any CPU
		{5BB57B57-F739-4FBD-9718-F8D38B1C7694}.Release|Any CPU.Build.0 = Release|Any CPU
	EndGlobalSection
	GlobalSection(SolutionProperties) = preSolution
		HideSolutionNode = FALSE
	EndGlobalSection
	GlobalSection(ExtensibilityGlobals) = postSolution
		SolutionGuid = {531E60FA-1743-4030-8F80-4EBA2FAF9F58}
	EndGlobalSection
EndGlobal
